<?xml version="1.0" encoding="utf-8"?>
<Project ToolsVersion="4.0" xmlns="http://schemas.microsoft.com/developer/msbuild/2003">
  <ItemGroup>
    <Filter Include="Source Files">
      <UniqueIdentifier>{4FC737F1-C7A5-4376-A066-2A32D752A2FF}</UniqueIdentifier>
      <Extensions>cpp;c;cc;cxx;def;odl;idl;hpj;bat;asm;asmx</Extensions>
    </Filter>
    <Filter Include="Header Files">
      <UniqueIdentifier>{93995380-89BD-4b04-88EB-625FBE52EBFB}</UniqueIdentifier>
      <Extensions>h;hpp;hxx;hm;inl;inc;xsd</Extensions>
    </Filter>
    <Filter Include="Resource Files">
      <UniqueIdentifier>{67DA6AB6-F800-4c08-8B7A-83BB121AAD01}</UniqueIdentifier>
      <Extensions>rc;ico;cur;bmp;dlg;rc2;rct;bin;rgs;gif;jpg;jpeg;jpe;resx;tiff;tif;png;wav;mfcribbon-ms</Extensions>
    </Filter>
  </ItemGroup>
  <ItemGroup>
    <Text Include="..\asm_source\pseudo_instr.txt" />
    <Text Include="pseudo_instr.txt" />
  </ItemGroup>
  <ItemGroup>
    <ClCompile Include="hash\GeneralHashFunctions.cpp">
      <Filter>Source Files</Filter>
    </ClCompile>
    <ClCompile Include="hash\HashQuad.cpp">
      <Filter>Source Files</Filter>
    </ClCompile>
    <ClCompile Include="TransCode\asm\asm.cpp">
      <Filter>Source Files</Filter>
    </ClCompile>
    <ClCompile Include="TransCode\asm\asm_main.cpp">
      <Filter>Source Files</Filter>
    </ClCompile>
    <ClCompile Include="TransCode\asm\Assemble.cpp">
      <Filter>Source Files</Filter>
    </ClCompile>
    <ClCompile Include="TransCode\asm\label.cpp">
      <Filter>Source Files</Filter>
    </ClCompile>
    <ClCompile Include="TransCode\asm\pseudo_instr.cpp">
      <Filter>Source Files</Filter>
    </ClCompile>
    <ClCompile Include="TransCode\instruction.cpp">
      <Filter>Source Files</Filter>
    </ClCompile>
    <ClCompile Include="assembleInit.cpp">
      <Filter>Source Files</Filter>
    </ClCompile>
    <ClCompile Include="GetStr.cpp">
      <Filter>Source Files</Filter>
    </ClCompile>
    <ClCompile Include="reg.cpp">
      <Filter>Source Files</Filter>
    </ClCompile>
  </ItemGroup>
  <ItemGroup>
    <ClInclude Include="hash\GeneralHashFunctions.h">
      <Filter>Header Files</Filter>
    </ClInclude>
    <ClInclude Include="hash\HashQuad.h">
      <Filter>Header Files</Filter>
    </ClInclude>
    <ClInclude Include="TransCode\asm\asm.h">
      <Filter>Header Files</Filter>
    </ClInclude>
    <ClInclude Include="TransCode\asm\Assemble.h">
      <Filter>Header Files</Filter>
    </ClInclude>
    <ClInclude Include="TransCode\asm\label.h">
      <Filter>Header Files</Filter>
    </ClInclude>
    <ClInclude Include="TransCode\asm\pseudo_instr.h">
      <Filter>Header Files</Filter>
    </ClInclude>
    <ClInclude Include="TransCode\instruction.h">
      <Filter>Header Files</Filter>
    </ClInclude>
    <ClInclude Include="assembleInit.h">
      <Filter>Header Files</Filter>
    </ClInclude>
    <ClInclude Include="codeType.h">
      <Filter>Header Files</Filter>
    </ClInclude>
    <ClInclude Include="GetStr.h">
      <Filter>Header Files</Filter>
    </ClInclude>
    <ClInclude Include="header.h">
      <Filter>Header Files</Filter>
    </ClInclude>
    <ClInclude Include="lenDef.h">
      <Filter>Header Files</Filter>
    </ClInclude>
    <ClInclude Include="memType.h">
      <Filter>Header Files</Filter>
    </ClInclude>
    <ClInclude Include="reg.h">
      <Filter>Header Files</Filter>
    </ClInclude>
  </ItemGroup>
</Project>